version = 1
revision = 3
requires-python = ">=3.14"

[[package]]
name = "confluent-kafka"
version = "2.12.2"
source = { registry = "https://pypi.org/simple" }
sdist = { url = "https://files.pythonhosted.org/packages/c2/cd/18ffb1d2a7e189fee50b4a9597255e1078580d679daf913c25d0d13c3f88/confluent_kafka-2.12.2.tar.gz", hash = "sha256:5a50bfcd24f9dcf34b986f837f80126a71087364d44fcb8b45e8e74080fb6e98", size = 250423, upload-time = "2025-11-07T15:42:32.392Z" }
wheels = [
    { url = "https://files.pythonhosted.org/packages/50/76/5b093946777976ee7acf46cac73b9f5a648ad81c0b8b2d64684f0ac84962/confluent_kafka-2.12.2-cp314-cp314-macosx_13_0_arm64.whl", hash = "sha256:0101be4b6037ad5a49f71c749bfd9f24e82607774f5fb4424c4dee6bf39a302d", size = 3162999, upload-time = "2025-11-07T15:41:59.645Z" },
    { url = "https://files.pythonhosted.org/packages/08/c4/67566514acb7ccdf77dd07633c9e47c52f9c087c1676faa6661147c70acc/confluent_kafka-2.12.2-cp314-cp314-macosx_13_0_x86_64.whl", hash = "sha256:27cc33a0c47f167db81b4f46d9e1c59582d9bfd8b3c21129a2ee400f5c93844e", size = 3602261, upload-time = "2025-11-07T15:42:01.571Z" },
    { url = "https://files.pythonhosted.org/packages/2d/3c/036b78024d93f293f1f09efe093ecc63a8c33d1f202e7126c56bbd3adb79/confluent_kafka-2.12.2-cp314-cp314-manylinux_2_28_aarch64.whl", hash = "sha256:38d23cf3f428451fc14c18aa53f5f3f1a37c7d89c44bfaf2862b3d6a5068e45c", size = 3696018, upload-time = "2025-11-07T15:42:03.147Z" },
    { url = "https://files.pythonhosted.org/packages/e5/f0/2fa9456bdad9585360df5dc3089a70cc03988c9542667a1db123e618929f/confluent_kafka-2.12.2-cp314-cp314-manylinux_2_28_x86_64.whl", hash = "sha256:eed1b0e540204c52d0ab40d621c371f52044a788b542f6e28a7756fd8f7a1029", size = 3947575, upload-time = "2025-11-07T15:42:04.727Z" },
    { url = "https://files.pythonhosted.org/packages/9a/22/ceb0ded4518f58805eff102d6c712809ae61dc0d6cfebcd4dba9246575ff/confluent_kafka-2.12.2-cp314-cp314-win_amd64.whl", hash = "sha256:ef411221bfdaffae944156826965b9a08777a5dff66d765a23108f7d6774706f", size = 4245477, upload-time = "2025-11-07T15:42:06.43Z" },
    { url = "https://files.pythonhosted.org/packages/2b/d4/fa67b636df3550269e0720416ff9275783c3c5ddb83e7b366518a68501fd/confluent_kafka-2.12.2-cp314-cp314t-macosx_13_0_arm64.whl", hash = "sha256:d04f69f6c269ccf6ec1a2ec327edf977a06e790f631ede18511093c1fe598fef", size = 3161636, upload-time = "2025-11-07T15:42:07.938Z" },
    { url = "https://files.pythonhosted.org/packages/9b/25/ce8a5d5fbcda376cb55763a399cfec345a50d6e8bde12e135a05f3b6bc37/confluent_kafka-2.12.2-cp314-cp314t-macosx_13_0_x86_64.whl", hash = "sha256:01a0429cac8fe38db49ebb9bda335b0c77f14455da72ccf351d49a51c1bd00a5", size = 3600121, upload-time = "2025-11-07T15:42:09.407Z" },
    { url = "https://files.pythonhosted.org/packages/2a/91/87f15f79b1b2ca2debf4095e886b6f2d6d9071b30c2ef9d5d6414761d9bb/confluent_kafka-2.12.2-cp314-cp314t-manylinux_2_28_aarch64.whl", hash = "sha256:82ec5302cf7c9ea06d556ed8e8ea8422d2a60035b607d64579ca63663276fe9b", size = 3694893, upload-time = "2025-11-07T15:42:11.051Z" },
    { url = "https://files.pythonhosted.org/packages/c6/20/e5d739aa776f4e92ab7a2c58a5250881352f8f0e0270aad0309c48ce33bb/confluent_kafka-2.12.2-cp314-cp314t-manylinux_2_28_x86_64.whl", hash = "sha256:de9dece5803e6b58d8c101cbceb90fa55ca96e0a5f40f10483a4c8f5f4027a69", size = 3946237, upload-time = "2025-11-07T15:42:14.147Z" },
]

[[package]]
name = "duckdb"
version = "1.4.3"
source = { registry = "https://pypi.org/simple" }
sdist = { url = "https://files.pythonhosted.org/packages/7f/da/17c3eb5458af69d54dedc8d18e4a32ceaa8ce4d4c699d45d6d8287e790c3/duckdb-1.4.3.tar.gz", hash = "sha256:fea43e03604c713e25a25211ada87d30cd2a044d8f27afab5deba26ac49e5268", size = 18478418, upload-time = "2025-12-09T10:59:22.945Z" }
wheels = [
    { url = "https://files.pythonhosted.org/packages/b6/f4/a38651e478fa41eeb8e43a0a9c0d4cd8633adea856e3ac5ac95124b0fdbf/duckdb-1.4.3-cp314-cp314-macosx_10_15_universal2.whl", hash = "sha256:316711a9e852bcfe1ed6241a5f654983f67e909e290495f3562cccdf43be8180", size = 29042272, upload-time = "2025-12-09T10:58:51.826Z" },
    { url = "https://files.pythonhosted.org/packages/16/de/2cf171a66098ce5aeeb7371511bd2b3d7b73a2090603b0b9df39f8aaf814/duckdb-1.4.3-cp314-cp314-macosx_10_15_x86_64.whl", hash = "sha256:9e625b2b4d52bafa1fd0ebdb0990c3961dac8bb00e30d327185de95b68202131", size = 15419343, upload-time = "2025-12-09T10:58:54.439Z" },
    { url = "https://files.pythonhosted.org/packages/35/28/6b0a7830828d4e9a37420d87e80fe6171d2869a9d3d960bf5d7c3b8c7ee4/duckdb-1.4.3-cp314-cp314-macosx_11_0_arm64.whl", hash = "sha256:130c6760f6c573f9c9fe9aba56adba0fab48811a4871b7b8fd667318b4a3e8da", size = 13748905, upload-time = "2025-12-09T10:58:56.656Z" },
    { url = "https://files.pythonhosted.org/packages/15/4d/778628e194d63967870873b9581c8a6b4626974aa4fbe09f32708a2d3d3a/duckdb-1.4.3-cp314-cp314-manylinux_2_26_aarch64.manylinux_2_28_aarch64.whl", hash = "sha256:20c88effaa557a11267706b01419c542fe42f893dee66e5a6daa5974ea2d4a46", size = 18487261, upload-time = "2025-12-09T10:58:58.866Z" },
    { url = "https://files.pythonhosted.org/packages/c6/5f/87e43af2e4a0135f9675449563e7c2f9b6f1fe6a2d1691c96b091f3904dd/duckdb-1.4.3-cp314-cp314-manylinux_2_26_x86_64.manylinux_2_28_x86_64.whl", hash = "sha256:1b35491db98ccd11d151165497c084a9d29d3dc42fc80abea2715a6c861ca43d", size = 20497138, upload-time = "2025-12-09T10:59:01.241Z" },
    { url = "https://files.pythonhosted.org/packages/94/41/abec537cc7c519121a2a83b9a6f180af8915fabb433777dc147744513e74/duckdb-1.4.3-cp314-cp314-win_amd64.whl", hash = "sha256:23b12854032c1a58d0452e2b212afa908d4ce64171862f3792ba9a596ba7c765", size = 12836056, upload-time = "2025-12-09T10:59:03.388Z" },
    { url = "https://files.pythonhosted.org/packages/b1/5a/8af5b96ce5622b6168854f479ce846cf7fb589813dcc7d8724233c37ded3/duckdb-1.4.3-cp314-cp314-win_arm64.whl", hash = "sha256:90f241f25cffe7241bf9f376754a5845c74775e00e1c5731119dc88cd71e0cb2", size = 13527759, upload-time = "2025-12-09T10:59:05.496Z" },
]

[[package]]
name = "kafka-market-stream"
version = "0.1.0"
source = { virtual = "." }
dependencies = [
    { name = "confluent-kafka" },
    { name = "duckdb" },
]

[package.metadata]
requires-dist = [
    { name = "confluent-kafka", specifier = ">=2.12.2" },
    { name = "duckdb", specifier = ">=1.4.3" },
]
